
Microsoft Visual Studio Solution File, Format Version 12.00
# Visual Studio Version 17
VisualStudioVersion = 17.1.32319.34
MinimumVisualStudioVersion = 10.0.40219.1
Project("{FAE04EC0-301F-11D3-BF4B-00C04F79EFBC}") = "form-random2", "form-random2\form-random2.csproj", "{92D04588-BAFC-49FF-B891-94C9CCE0279B}"
EndProject
Global
	GlobalSection(SolutionConfigurationPlatforms) = preSolution
		Debug|Any CPU = Debug|Any CPU
		Release|Any CPU = Release|Any CPU
	EndGlobalSection
	GlobalSection(ProjectConfigurationPlatforms) = postSolution
		{92D04588-BAFC-49FF-B891-94C9CCE0279B}.Debug|Any CPU.ActiveCfg = Debug|Any CPU
		{92D04588-BAFC-49FF-B891-94C9CCE0279B}.Debug|Any CPU.Build.0 = Debug|Any CPU
		{92D04588-BAFC-49FF-B891-94C9CCE0279B}.Release|Any CPU.ActiveCfg = Release|Any CPU
		{92D04588-BAFC-49FF-B891-94C9CCE0279B}.Release|Any CPU.Build.0 = Release|Any CPU
	EndGlobalSection
	GlobalSection(SolutionProperties) = preSolution
		HideSolutionNode = FALSE
	EndGlobalSection
	GlobalSection(ExtensibilityGlobals) = postSolution
		SolutionGuid = {D0DB7BF9-492A-430C-BA76-B4148A0D3EA0}
	EndGlobalSection
EndGlobal
